
Microsoft Visual Studio Solution File, Format Version 12.00
# Visual Studio Version 17
VisualStudioVersion = 17.0.31912.275
MinimumVisualStudioVersion = 10.0.40219.1
Project("{9A19103F-16F7-4668-BE54-9A1E7A4F7556}") = "DB", "DB\DB.csproj", "{318D872B-E025-4B17-971A-3186F65184E0}"
EndProject
Project("{9A19103F-16F7-4668-BE54-9A1E7A4F7556}") = "AuthorizationForm", "AuthorizationForm\AuthorizationForm.csproj", "{4EFA433B-41D0-4D8A-A84D-825E3AF312AA}"
EndProject
Project("{FAE04EC0-301F-11D3-BF4B-00C04F79EFBC}") = "MainForm", "MainForm\MainForm.csproj", "{8051F272-9610-4F82-9209-9C0C331A963D}"
EndProject
Global
	GlobalSection(SolutionConfigurationPlatforms) = preSolution
		Debug|Any CPU = Debug|Any CPU
		Release|Any CPU = Release|Any CPU
	EndGlobalSection
	GlobalSection(ProjectConfigurationPlatforms) = postSolution
		{318D872B-E025-4B17-971A-3186F65184E0}.Debug|Any CPU.ActiveCfg = Debug|Any CPU
		{318D872B-E025-4B17-971A-3186F65184E0}.Debug|Any CPU.Build.0 = Debug|Any CPU
		{318D872B-E025-4B17-971A-3186F65184E0}.Release|Any CPU.ActiveCfg = Release|Any CPU
		{318D872B-E025-4B17-971A-3186F65184E0}.Release|Any CPU.Build.0 = Release|Any CPU
		{4EFA433B-41D0-4D8A-A84D-825E3AF312AA}.Debug|Any CPU.ActiveCfg = Debug|Any CPU
		{4EFA433B-41D0-4D8A-A84D-825E3AF312AA}.Debug|Any CPU.Build.0 = Debug|Any CPU
		{4EFA433B-41D0-4D8A-A84D-825E3AF312AA}.Release|Any CPU.ActiveCfg = Release|Any CPU
		{4EFA433B-41D0-4D8A-A84D-825E3AF312AA}.Release|Any CPU.Build.0 = Release|Any CPU
		{8051F272-9610-4F82-9209-9C0C331A963D}.Debug|Any CPU.ActiveCfg = Debug|Any CPU
		{8051F272-9610-4F82-9209-9C0C331A963D}.Debug|Any CPU.Build.0 = Debug|Any CPU
		{8051F272-9610-4F82-9209-9C0C331A963D}.Release|Any CPU.ActiveCfg = Release|Any CPU
		{8051F272-9610-4F82-9209-9C0C331A963D}.Release|Any CPU.Build.0 = Release|Any CPU
	EndGlobalSection
	GlobalSection(SolutionProperties) = preSolution
		HideSolutionNode = FALSE
	EndGlobalSection
	GlobalSection(ExtensibilityGlobals) = postSolution
		SolutionGuid = {7F018DD4-BB6C-405E-9117-B54635CB7AF1}
	EndGlobalSection
EndGlobal
